
Microsoft Visual Studio Solution File, Format Version 12.00
# Visual Studio Version 17
VisualStudioVersion = 17.2.32630.192
MinimumVisualStudioVersion = 10.0.40219.1
Project("{FAE04EC0-301F-11D3-BF4B-00C04F79EFBC}") = "Lab1_1", "Lab1_1\Lab1_1.csproj", "{A33ED4E8-EACB-445C-8D2F-72B596992FDE}"
EndProject
Project("{FAE04EC0-301F-11D3-BF4B-00C04F79EFBC}") = "Lab1_2", "Lab1_2\Lab1_2.csproj", "{7FD843F6-54E9-4849-A47E-BFE012B41A0E}"
EndProject
Project("{FAE04EC0-301F-11D3-BF4B-00C04F79EFBC}") = "Lab2_1", "Lab2_1\Lab2_1.csproj", "{458C788E-5D9E-4534-BE3F-6E1935F8E0D9}"
EndProject
Project("{FAE04EC0-301F-11D3-BF4B-00C04F79EFBC}") = "Lab2_2", "Lab2_2\Lab2_2.csproj", "{D0C262C3-BF4F-4FCE-9647-826B98B130EC}"
EndProject
Project("{FAE04EC0-301F-11D3-BF4B-00C04F79EFBC}") = "Lab3_1", "Lab3_1\Lab3_1.csproj", "{CE2013A9-ADF0-4175-A594-FA8CCB9E4BE3}"
EndProject
Project("{FAE04EC0-301F-11D3-BF4B-00C04F79EFBC}") = "Lab3_2", "Lab3_2\Lab3_2.csproj", "{5DDB1DB4-04DE-4DA1-8147-585DFFBC5D4B}"
EndProject
Project("{FAE04EC0-301F-11D3-BF4B-00C04F79EFBC}") = "Lab4_1", "Lab4_1\Lab4_1.csproj", "{F0F42B7A-F9A0-40A3-943D-CF50D1A97613}"
EndProject
Project("{FAE04EC0-301F-11D3-BF4B-00C04F79EFBC}") = "Lab4_2", "Lab4_2\Lab4_2.csproj", "{5EFD3A86-8A23-4B8C-9360-C63974492E16}"
EndProject
Project("{FAE04EC0-301F-11D3-BF4B-00C04F79EFBC}") = "Lab5_1", "Lab5_1\Lab5_1.csproj", "{2A16C353-CA96-4097-8762-786923BE8795}"
EndProject
Project("{FAE04EC0-301F-11D3-BF4B-00C04F79EFBC}") = "Lab5_2", "Lab5_2\Lab5_2.csproj", "{124CB32F-BC7B-4163-BEB3-045110322884}"
EndProject
Project("{FAE04EC0-301F-11D3-BF4B-00C04F79EFBC}") = "Lab6_1", "Lab6_1\Lab6_1.csproj", "{A21C4667-13FF-4836-8434-5616E43F4A82}"
EndProject
Project("{FAE04EC0-301F-11D3-BF4B-00C04F79EFBC}") = "Lab6_2", "Lab6_2\Lab6_2.csproj", "{4C47EBFD-B7F5-4A64-BD5B-85AAFD612FA6}"
EndProject
Global
	GlobalSection(SolutionConfigurationPlatforms) = preSolution
		Debug|Any CPU = Debug|Any CPU
		Release|Any CPU = Release|Any CPU
	EndGlobalSection
	GlobalSection(ProjectConfigurationPlatforms) = postSolution
		{A33ED4E8-EACB-445C-8D2F-72B596992FDE}.Debug|Any CPU.ActiveCfg = Debug|Any CPU
		{A33ED4E8-EACB-445C-8D2F-72B596992FDE}.Debug|Any CPU.Build.0 = Debug|Any CPU
		{A33ED4E8-EACB-445C-8D2F-72B596992FDE}.Release|Any CPU.ActiveCfg = Release|Any CPU
		{A33ED4E8-EACB-445C-8D2F-72B596992FDE}.Release|Any CPU.Build.0 = Release|Any CPU
		{7FD843F6-54E9-4849-A47E-BFE012B41A0E}.Debug|Any CPU.ActiveCfg = Debug|Any CPU
		{7FD843F6-54E9-4849-A47E-BFE012B41A0E}.Debug|Any CPU.Build.0 = Debug|Any CPU
		{7FD843F6-54E9-4849-A47E-BFE012B41A0E}.Release|Any CPU.ActiveCfg = Release|Any CPU
		{7FD843F6-54E9-4849-A47E-BFE012B41A0E}.Release|Any CPU.Build.0 = Release|Any CPU
		{458C788E-5D9E-4534-BE3F-6E1935F8E0D9}.Debug|Any CPU.ActiveCfg = Debug|Any CPU
		{458C788E-5D9E-4534-BE3F-6E1935F8E0D9}.Debug|Any CPU.Build.0 = Debug|Any CPU
		{458C788E-5D9E-4534-BE3F-6E1935F8E0D9}.Release|Any CPU.ActiveCfg = Release|Any CPU
		{458C788E-5D9E-4534-BE3F-6E1935F8E0D9}.Release|Any CPU.Build.0 = Release|Any CPU
		{D0C262C3-BF4F-4FCE-9647-826B98B130EC}.Debug|Any CPU.ActiveCfg = Debug|Any CPU
		{D0C262C3-BF4F-4FCE-9647-826B98B130EC}.Debug|Any CPU.Build.0 = Debug|Any CPU
		{D0C262C3-BF4F-4FCE-9647-826B98B130EC}.Release|Any CPU.ActiveCfg = Release|Any CPU
		{D0C262C3-BF4F-4FCE-9647-826B98B130EC}.Release|Any CPU.Build.0 = Release|Any CPU
		{CE2013A9-ADF0-4175-A594-FA8CCB9E4BE3}.Debug|Any CPU.ActiveCfg = Debug|Any CPU
		{CE2013A9-ADF0-4175-A594-FA8CCB9E4BE3}.Debug|Any CPU.Build.0 = Debug|Any CPU
		{CE2013A9-ADF0-4175-A594-FA8CCB9E4BE3}.Release|Any CPU.ActiveCfg = Release|Any CPU
		{CE2013A9-ADF0-4175-A594-FA8CCB9E4BE3}.Release|Any CPU.Build.0 = Release|Any CPU
		{5DDB1DB4-04DE-4DA1-8147-585DFFBC5D4B}.Debug|Any CPU.ActiveCfg = Debug|Any CPU
		{5DDB1DB4-04DE-4DA1-8147-585DFFBC5D4B}.Debug|Any CPU.Build.0 = Debug|Any CPU
		{5DDB1DB4-04DE-4DA1-8147-585DFFBC5D4B}.Release|Any CPU.ActiveCfg = Release|Any CPU
		{5DDB1DB4-04DE-4DA1-8147-585DFFBC5D4B}.Release|Any CPU.Build.0 = Release|Any CPU
		{F0F42B7A-F9A0-40A3-943D-CF50D1A97613}.Debug|Any CPU.ActiveCfg = Debug|Any CPU
		{F0F42B7A-F9A0-40A3-943D-CF50D1A97613}.Debug|Any CPU.Build.0 = Debug|Any CPU
		{F0F42B7A-F9A0-40A3-943D-CF50D1A97613}.Release|Any CPU.ActiveCfg = Release|Any CPU
		{F0F42B7A-F9A0-40A3-943D-CF50D1A97613}.Release|Any CPU.Build.0 = Release|Any CPU
		{5EFD3A86-8A23-4B8C-9360-C63974492E16}.Debug|Any CPU.ActiveCfg = Debug|Any CPU
		{5EFD3A86-8A23-4B8C-9360-C63974492E16}.Debug|Any CPU.Build.0 = Debug|Any CPU
		{5EFD3A86-8A23-4B8C-9360-C63974492E16}.Release|Any CPU.ActiveCfg = Release|Any CPU
		{5EFD3A86-8A23-4B8C-9360-C63974492E16}.Release|Any CPU.Build.0 = Release|Any CPU
		{2A16C353-CA96-4097-8762-786923BE8795}.Debug|Any CPU.ActiveCfg = Debug|Any CPU
		{2A16C353-CA96-4097-8762-786923BE8795}.Debug|Any CPU.Build.0 = Debug|Any CPU
		{2A16C353-CA96-4097-8762-786923BE8795}.Release|Any CPU.ActiveCfg = Release|Any CPU
		{2A16C353-CA96-4097-8762-786923BE8795}.Release|Any CPU.Build.0 = Release|Any CPU
		{124CB32F-BC7B-4163-BEB3-045110322884}.Debug|Any CPU.ActiveCfg = Debug|Any CPU
		{124CB32F-BC7B-4163-BEB3-045110322884}.Debug|Any CPU.Build.0 = Debug|Any CPU
		{124CB32F-BC7B-4163-BEB3-045110322884}.Release|Any CPU.ActiveCfg = Release|Any CPU
		{124CB32F-BC7B-4163-BEB3-045110322884}.Release|Any CPU.Build.0 = Release|Any CPU
		{A21C4667-13FF-4836-8434-5616E43F4A82}.Debug|Any CPU.ActiveCfg = Debug|Any CPU
		{A21C4667-13FF-4836-8434-5616E43F4A82}.Debug|Any CPU.Build.0 = Debug|Any CPU
		{A21C4667-13FF-4836-8434-5616E43F4A82}.Release|Any CPU.ActiveCfg = Release|Any CPU
		{A21C4667-13FF-4836-8434-5616E43F4A82}.Release|Any CPU.Build.0 = Release|Any CPU
		{4C47EBFD-B7F5-4A64-BD5B-85AAFD612FA6}.Debug|Any CPU.ActiveCfg = Debug|Any CPU
		{4C47EBFD-B7F5-4A64-BD5B-85AAFD612FA6}.Debug|Any CPU.Build.0 = Debug|Any CPU
		{4C47EBFD-B7F5-4A64-BD5B-85AAFD612FA6}.Release|Any CPU.ActiveCfg = Release|Any CPU
		{4C47EBFD-B7F5-4A64-BD5B-85AAFD612FA6}.Release|Any CPU.Build.0 = Release|Any CPU
	EndGlobalSection
	GlobalSection(SolutionProperties) = preSolution
		HideSolutionNode = FALSE
	EndGlobalSection
	GlobalSection(ExtensibilityGlobals) = postSolution
		SolutionGuid = {17325093-8EDE-4436-8BA2-5EC040FD1AFD}
	EndGlobalSection
EndGlobal
